
Microsoft Visual Studio Solution File, Format Version 12.00
# Visual Studio Version 16
VisualStudioVersion = 16.0.28809.33
MinimumVisualStudioVersion = 10.0.40219.1
Project("{FAE04EC0-301F-11D3-BF4B-00C04F79EFBC}") = "ACServer", "SampleApplications\Workshop\Reference\ACServer\ACServer.csproj", "{30AAF506-4D5D-4A27-86B8-E6AA7EFA0D9D}"
EndProject
Global
	GlobalSection(SolutionConfigurationPlatforms) = preSolution
		Debug|Any CPU = Debug|Any CPU
		Release|Any CPU = Release|Any CPU
	EndGlobalSection
	GlobalSection(ProjectConfigurationPlatforms) = postSolution
		{30AAF506-4D5D-4A27-86B8-E6AA7EFA0D9D}.Debug|Any CPU.ActiveCfg = Debug|Any CPU
		{30AAF506-4D5D-4A27-86B8-E6AA7EFA0D9D}.Debug|Any CPU.Build.0 = Debug|Any CPU
		{30AAF506-4D5D-4A27-86B8-E6AA7EFA0D9D}.Release|Any CPU.ActiveCfg = Release|Any CPU
		{30AAF506-4D5D-4A27-86B8-E6AA7EFA0D9D}.Release|Any CPU.Build.0 = Release|Any CPU
	EndGlobalSection
	GlobalSection(SolutionProperties) = preSolution
		HideSolutionNode = FALSE
	EndGlobalSection
	GlobalSection(ExtensibilityGlobals) = postSolution
		SolutionGuid = {4B4F2751-1C79-4955-8586-08F2A4CDE872}
	EndGlobalSection
EndGlobal
